
Microsoft Visual Studio Solution File, Format Version 12.00
# Visual Studio 15
VisualStudioVersion = 15.0.28010.2048
MinimumVisualStudioVersion = 10.0.40219.1
Project("{FAE04EC0-301F-11D3-BF4B-00C04F79EFBC}") = "XAMARIN-BMI.Android", "XAMARIN-BMI\XAMARIN-BMI.Android\XAMARIN-BMI.Android.csproj", "{97C66A48-EF7D-4F39-BCD2-8F368F169BF1}"
EndProject
Project("{FAE04EC0-301F-11D3-BF4B-00C04F79EFBC}") = "XAMARIN-BMI.iOS", "XAMARIN-BMI\XAMARIN-BMI.iOS\XAMARIN-BMI.iOS.csproj", "{C41E34CF-8E51-4CE0-953E-265C7E798C9B}"
EndProject
Project("{FAE04EC0-301F-11D3-BF4B-00C04F79EFBC}") = "XAMARIN-BMI", "XAMARIN-BMI\XAMARIN-BMI\XAMARIN-BMI.csproj", "{8920AEBB-1F0B-4CF0-A7D2-5FAFAAC16B9F}"
EndProject
Global
	GlobalSection(SolutionConfigurationPlatforms) = preSolution
		Ad-Hoc|Any CPU = Ad-Hoc|Any CPU
		Ad-Hoc|iPhone = Ad-Hoc|iPhone
		Ad-Hoc|iPhoneSimulator = Ad-Hoc|iPhoneSimulator
		AppStore|Any CPU = AppStore|Any CPU
		AppStore|iPhone = AppStore|iPhone
		AppStore|iPhoneSimulator = AppStore|iPhoneSimulator
		Debug|Any CPU = Debug|Any CPU
		Debug|iPhone = Debug|iPhone
		Debug|iPhoneSimulator = Debug|iPhoneSimulator
		Release|Any CPU = Release|Any CPU
		Release|iPhone = Release|iPhone
		Release|iPhoneSimulator = Release|iPhoneSimulator
	EndGlobalSection
	GlobalSection(ProjectConfigurationPlatforms) = postSolution
		{97C66A48-EF7D-4F39-BCD2-8F368F169BF1}.Ad-Hoc|Any CPU.ActiveCfg = Release|Any CPU
		{97C66A48-EF7D-4F39-BCD2-8F368F169BF1}.Ad-Hoc|Any CPU.Build.0 = Release|Any CPU
		{97C66A48-EF7D-4F39-BCD2-8F368F169BF1}.Ad-Hoc|Any CPU.Deploy.0 = Release|Any CPU
		{97C66A48-EF7D-4F39-BCD2-8F368F169BF1}.Ad-Hoc|iPhone.ActiveCfg = Release|Any CPU
		{97C66A48-EF7D-4F39-BCD2-8F368F169BF1}.Ad-Hoc|iPhone.Build.0 = Release|Any CPU
		{97C66A48-EF7D-4F39-BCD2-8F368F169BF1}.Ad-Hoc|iPhone.Deploy.0 = Release|Any CPU
		{97C66A48-EF7D-4F39-BCD2-8F368F169BF1}.Ad-Hoc|iPhoneSimulator.ActiveCfg = Release|Any CPU
		{97C66A48-EF7D-4F39-BCD2-8F368F169BF1}.Ad-Hoc|iPhoneSimulator.Build.0 = Release|Any CPU
		{97C66A48-EF7D-4F39-BCD2-8F368F169BF1}.Ad-Hoc|iPhoneSimulator.Deploy.0 = Release|Any CPU
		{97C66A48-EF7D-4F39-BCD2-8F368F169BF1}.AppStore|Any CPU.ActiveCfg = Release|Any CPU
		{97C66A48-EF7D-4F39-BCD2-8F368F169BF1}.AppStore|Any CPU.Build.0 = Release|Any CPU
		{97C66A48-EF7D-4F39-BCD2-8F368F169BF1}.AppStore|Any CPU.Deploy.0 = Release|Any CPU
		{97C66A48-EF7D-4F39-BCD2-8F368F169BF1}.AppStore|iPhone.ActiveCfg = Release|Any CPU
		{97C66A48-EF7D-4F39-BCD2-8F368F169BF1}.AppStore|iPhone.Build.0 = Release|Any CPU
		{97C66A48-EF7D-4F39-BCD2-8F368F169BF1}.AppStore|iPhone.Deploy.0 = Release|Any CPU
		{97C66A48-EF7D-4F39-BCD2-8F368F169BF1}.AppStore|iPhoneSimulator.ActiveCfg = Release|Any CPU
		{97C66A48-EF7D-4F39-BCD2-8F368F169BF1}.AppStore|iPhoneSimulator.Build.0 = Release|Any CPU
		{97C66A48-EF7D-4F39-BCD2-8F368F169BF1}.AppStore|iPhoneSimulator.Deploy.0 = Release|Any CPU
		{97C66A48-EF7D-4F39-BCD2-8F368F169BF1}.Debug|Any CPU.ActiveCfg = Debug|Any CPU
		{97C66A48-EF7D-4F39-BCD2-8F368F169BF1}.Debug|Any CPU.Build.0 = Debug|Any CPU
		{97C66A48-EF7D-4F39-BCD2-8F368F169BF1}.Debug|Any CPU.Deploy.0 = Debug|Any CPU
		{97C66A48-EF7D-4F39-BCD2-8F368F169BF1}.Debug|iPhone.ActiveCfg = Debug|Any CPU
		{97C66A48-EF7D-4F39-BCD2-8F368F169BF1}.Debug|iPhone.Build.0 = Debug|Any CPU
		{97C66A48-EF7D-4F39-BCD2-8F368F169BF1}.Debug|iPhone.Deploy.0 = Debug|Any CPU
		{97C66A48-EF7D-4F39-BCD2-8F368F169BF1}.Debug|iPhoneSimulator.ActiveCfg = Debug|Any CPU
		{97C66A48-EF7D-4F39-BCD2-8F368F169BF1}.Debug|iPhoneSimulator.Build.0 = Debug|Any CPU
		{97C66A48-EF7D-4F39-BCD2-8F368F169BF1}.Debug|iPhoneSimulator.Deploy.0 = Debug|Any CPU
		{97C66A48-EF7D-4F39-BCD2-8F368F169BF1}.Release|Any CPU.ActiveCfg = Release|Any CPU
		{97C66A48-EF7D-4F39-BCD2-8F368F169BF1}.Release|Any CPU.Build.0 = Release|Any CPU
		{97C66A48-EF7D-4F39-BCD2-8F368F169BF1}.Release|Any CPU.Deploy.0 = Release|Any CPU
		{97C66A48-EF7D-4F39-BCD2-8F368F169BF1}.Release|iPhone.ActiveCfg = Release|Any CPU
		{97C66A48-EF7D-4F39-BCD2-8F368F169BF1}.Release|iPhone.Build.0 = Release|Any CPU
		{97C66A48-EF7D-4F39-BCD2-8F368F169BF1}.Release|iPhone.Deploy.0 = Release|Any CPU
		{97C66A48-EF7D-4F39-BCD2-8F368F169BF1}.Release|iPhoneSimulator.ActiveCfg = Release|Any CPU
		{97C66A48-EF7D-4F39-BCD2-8F368F169BF1}.Release|iPhoneSimulator.Build.0 = Release|Any CPU
		{97C66A48-EF7D-4F39-BCD2-8F368F169BF1}.Release|iPhoneSimulator.Deploy.0 = Release|Any CPU
		{C41E34CF-8E51-4CE0-953E-265C7E798C9B}.Ad-Hoc|Any CPU.ActiveCfg = Ad-Hoc|iPhone
		{C41E34CF-8E51-4CE0-953E-265C7E798C9B}.Ad-Hoc|Any CPU.Build.0 = Ad-Hoc|iPhone
		{C41E34CF-8E51-4CE0-953E-265C7E798C9B}.Ad-Hoc|Any CPU.Deploy.0 = Ad-Hoc|iPhone
		{C41E34CF-8E51-4CE0-953E-265C7E798C9B}.Ad-Hoc|iPhone.ActiveCfg = Ad-Hoc|iPhone
		{C41E34CF-8E51-4CE0-953E-265C7E798C9B}.Ad-Hoc|iPhone.Build.0 = Ad-Hoc|iPhone
		{C41E34CF-8E51-4CE0-953E-265C7E798C9B}.Ad-Hoc|iPhone.Deploy.0 = Ad-Hoc|iPhone
		{C41E34CF-8E51-4CE0-953E-265C7E798C9B}.Ad-Hoc|iPhoneSimulator.ActiveCfg = Ad-Hoc|iPhoneSimulator
		{C41E34CF-8E51-4CE0-953E-265C7E798C9B}.Ad-Hoc|iPhoneSimulator.Build.0 = Ad-Hoc|iPhoneSimulator
		{C41E34CF-8E51-4CE0-953E-265C7E798C9B}.Ad-Hoc|iPhoneSimulator.Deploy.0 = Ad-Hoc|iPhoneSimulator
		{C41E34CF-8E51-4CE0-953E-265C7E798C9B}.AppStore|Any CPU.ActiveCfg = AppStore|iPhone
		{C41E34CF-8E51-4CE0-953E-265C7E798C9B}.AppStore|Any CPU.Build.0 = AppStore|iPhone
		{C41E34CF-8E51-4CE0-953E-265C7E798C9B}.AppStore|Any CPU.Deploy.0 = AppStore|iPhone
		{C41E34CF-8E51-4CE0-953E-265C7E798C9B}.AppStore|iPhone.ActiveCfg = AppStore|iPhone
		{C41E34CF-8E51-4CE0-953E-265C7E798C9B}.AppStore|iPhone.Build.0 = AppStore|iPhone
		{C41E34CF-8E51-4CE0-953E-265C7E798C9B}.AppStore|iPhone.Deploy.0 = AppStore|iPhone
		{C41E34CF-8E51-4CE0-953E-265C7E798C9B}.AppStore|iPhoneSimulator.ActiveCfg = AppStore|iPhoneSimulator
		{C41E34CF-8E51-4CE0-953E-265C7E798C9B}.AppStore|iPhoneSimulator.Build.0 = AppStore|iPhoneSimulator
		{C41E34CF-8E51-4CE0-953E-265C7E798C9B}.AppStore|iPhoneSimulator.Deploy.0 = AppStore|iPhoneSimulator
		{C41E34CF-8E51-4CE0-953E-265C7E798C9B}.Debug|Any CPU.ActiveCfg = Debug|iPhoneSimulator
		{C41E34CF-8E51-4CE0-953E-265C7E798C9B}.Debug|Any CPU.Build.0 = Debug|iPhoneSimulator
		{C41E34CF-8E51-4CE0-953E-265C7E798C9B}.Debug|Any CPU.Deploy.0 = Debug|iPhoneSimulator
		{C41E34CF-8E51-4CE0-953E-265C7E798C9B}.Debug|iPhone.ActiveCfg = Debug|iPhone
		{C41E34CF-8E51-4CE0-953E-265C7E798C9B}.Debug|iPhone.Build.0 = Debug|iPhone
		{C41E34CF-8E51-4CE0-953E-265C7E798C9B}.Debug|iPhone.Deploy.0 = Debug|iPhone
		{C41E34CF-8E51-4CE0-953E-265C7E798C9B}.Debug|iPhoneSimulator.ActiveCfg = Debug|iPhoneSimulator
		{C41E34CF-8E51-4CE0-953E-265C7E798C9B}.Debug|iPhoneSimulator.Build.0 = Debug|iPhoneSimulator
		{C41E34CF-8E51-4CE0-953E-265C7E798C9B}.Debug|iPhoneSimulator.Deploy.0 = Debug|iPhoneSimulator
		{C41E34CF-8E51-4CE0-953E-265C7E798C9B}.Release|Any CPU.ActiveCfg = Release|iPhone
		{C41E34CF-8E51-4CE0-953E-265C7E798C9B}.Release|Any CPU.Build.0 = Release|iPhone
		{C41E34CF-8E51-4CE0-953E-265C7E798C9B}.Release|Any CPU.Deploy.0 = Release|iPhone
		{C41E34CF-8E51-4CE0-953E-265C7E798C9B}.Release|iPhone.ActiveCfg = Release|iPhone
		{C41E34CF-8E51-4CE0-953E-265C7E798C9B}.Release|iPhone.Build.0 = Release|iPhone
		{C41E34CF-8E51-4CE0-953E-265C7E798C9B}.Release|iPhone.Deploy.0 = Release|iPhone
		{C41E34CF-8E51-4CE0-953E-265C7E798C9B}.Release|iPhoneSimulator.ActiveCfg = Release|iPhoneSimulator
		{C41E34CF-8E51-4CE0-953E-265C7E798C9B}.Release|iPhoneSimulator.Build.0 = Release|iPhoneSimulator
		{C41E34CF-8E51-4CE0-953E-265C7E798C9B}.Release|iPhoneSimulator.Deploy.0 = Release|iPhoneSimulator
		{8920AEBB-1F0B-4CF0-A7D2-5FAFAAC16B9F}.Ad-Hoc|Any CPU.ActiveCfg = Debug|Any CPU
		{8920AEBB-1F0B-4CF0-A7D2-5FAFAAC16B9F}.Ad-Hoc|Any CPU.Build.0 = Debug|Any CPU
		{8920AEBB-1F0B-4CF0-A7D2-5FAFAAC16B9F}.Ad-Hoc|Any CPU.Deploy.0 = Debug|Any CPU
		{8920AEBB-1F0B-4CF0-A7D2-5FAFAAC16B9F}.Ad-Hoc|iPhone.ActiveCfg = Debug|Any CPU
		{8920AEBB-1F0B-4CF0-A7D2-5FAFAAC16B9F}.Ad-Hoc|iPhone.Build.0 = Debug|Any CPU
		{8920AEBB-1F0B-4CF0-A7D2-5FAFAAC16B9F}.Ad-Hoc|iPhone.Deploy.0 = Debug|Any CPU
		{8920AEBB-1F0B-4CF0-A7D2-5FAFAAC16B9F}.Ad-Hoc|iPhoneSimulator.ActiveCfg = Debug|Any CPU
		{8920AEBB-1F0B-4CF0-A7D2-5FAFAAC16B9F}.Ad-Hoc|iPhoneSimulator.Build.0 = Debug|Any CPU
		{8920AEBB-1F0B-4CF0-A7D2-5FAFAAC16B9F}.Ad-Hoc|iPhoneSimulator.Deploy.0 = Debug|Any CPU
		{8920AEBB-1F0B-4CF0-A7D2-5FAFAAC16B9F}.AppStore|Any CPU.ActiveCfg = Debug|Any CPU
		{8920AEBB-1F0B-4CF0-A7D2-5FAFAAC16B9F}.AppStore|Any CPU.Build.0 = Debug|Any CPU
		{8920AEBB-1F0B-4CF0-A7D2-5FAFAAC16B9F}.AppStore|Any CPU.Deploy.0 = Debug|Any CPU
		{8920AEBB-1F0B-4CF0-A7D2-5FAFAAC16B9F}.AppStore|iPhone.ActiveCfg = Debug|Any CPU
		{8920AEBB-1F0B-4CF0-A7D2-5FAFAAC16B9F}.AppStore|iPhone.Build.0 = Debug|Any CPU
		{8920AEBB-1F0B-4CF0-A7D2-5FAFAAC16B9F}.AppStore|iPhone.Deploy.0 = Debug|Any CPU
		{8920AEBB-1F0B-4CF0-A7D2-5FAFAAC16B9F}.AppStore|iPhoneSimulator.ActiveCfg = Debug|Any CPU
		{8920AEBB-1F0B-4CF0-A7D2-5FAFAAC16B9F}.AppStore|iPhoneSimulator.Build.0 = Debug|Any CPU
		{8920AEBB-1F0B-4CF0-A7D2-5FAFAAC16B9F}.AppStore|iPhoneSimulator.Deploy.0 = Debug|Any CPU
		{8920AEBB-1F0B-4CF0-A7D2-5FAFAAC16B9F}.Debug|Any CPU.ActiveCfg = Debug|Any CPU
		{8920AEBB-1F0B-4CF0-A7D2-5FAFAAC16B9F}.Debug|Any CPU.Build.0 = Debug|Any CPU
		{8920AEBB-1F0B-4CF0-A7D2-5FAFAAC16B9F}.Debug|Any CPU.Deploy.0 = Debug|Any CPU
		{8920AEBB-1F0B-4CF0-A7D2-5FAFAAC16B9F}.Debug|iPhone.ActiveCfg = Debug|Any CPU
		{8920AEBB-1F0B-4CF0-A7D2-5FAFAAC16B9F}.Debug|iPhone.Build.0 = Debug|Any CPU
		{8920AEBB-1F0B-4CF0-A7D2-5FAFAAC16B9F}.Debug|iPhone.Deploy.0 = Debug|Any CPU
		{8920AEBB-1F0B-4CF0-A7D2-5FAFAAC16B9F}.Debug|iPhoneSimulator.ActiveCfg = Debug|Any CPU
		{8920AEBB-1F0B-4CF0-A7D2-5FAFAAC16B9F}.Debug|iPhoneSimulator.Build.0 = Debug|Any CPU
		{8920AEBB-1F0B-4CF0-A7D2-5FAFAAC16B9F}.Debug|iPhoneSimulator.Deploy.0 = Debug|Any CPU
		{8920AEBB-1F0B-4CF0-A7D2-5FAFAAC16B9F}.Release|Any CPU.ActiveCfg = Release|Any CPU
		{8920AEBB-1F0B-4CF0-A7D2-5FAFAAC16B9F}.Release|Any CPU.Build.0 = Release|Any CPU
		{8920AEBB-1F0B-4CF0-A7D2-5FAFAAC16B9F}.Release|Any CPU.Deploy.0 = Release|Any CPU
		{8920AEBB-1F0B-4CF0-A7D2-5FAFAAC16B9F}.Release|iPhone.ActiveCfg = Release|Any CPU
		{8920AEBB-1F0B-4CF0-A7D2-5FAFAAC16B9F}.Release|iPhone.Build.0 = Release|Any CPU
		{8920AEBB-1F0B-4CF0-A7D2-5FAFAAC16B9F}.Release|iPhone.Deploy.0 = Release|Any CPU
		{8920AEBB-1F0B-4CF0-A7D2-5FAFAAC16B9F}.Release|iPhoneSimulator.ActiveCfg = Release|Any CPU
		{8920AEBB-1F0B-4CF0-A7D2-5FAFAAC16B9F}.Release|iPhoneSimulator.Build.0 = Release|Any CPU
		{8920AEBB-1F0B-4CF0-A7D2-5FAFAAC16B9F}.Release|iPhoneSimulator.Deploy.0 = Release|Any CPU
	EndGlobalSection
	GlobalSection(SolutionProperties) = preSolution
		HideSolutionNode = FALSE
	EndGlobalSection
	GlobalSection(ExtensibilityGlobals) = postSolution
		SolutionGuid = {264464C9-4E3D-4CEF-A42A-5741015968A5}
	EndGlobalSection
EndGlobal
